
Microsoft Visual Studio Solution File, Format Version 12.00
# Visual Studio 14
VisualStudioVersion = 14.0.25420.1
MinimumVisualStudioVersion = 10.0.40219.1
Project("{2150E333-8FDC-42A3-9474-1A3956D46DE8}") = "src", "src", "{26C5ABD7-D454-4A4D-B3BD-6036B28F45FF}"
EndProject
Project("{2150E333-8FDC-42A3-9474-1A3956D46DE8}") = "Solution Items", "Solution Items", "{45E6F8BC-9941-40F3-A192-C7E33B10E91D}"
	ProjectSection(SolutionItems) = preProject
		global.json = global.json
	EndProjectSection
EndProject
Project("{8BB2217D-0F2D-49D1-97BC-3654ED321F3B}") = "ZHS", "src\ZHS\ZHS.xproj", "{660C3FCE-7DCC-4F69-948B-4C098F3A9F48}"
EndProject
Global
	GlobalSection(SolutionConfigurationPlatforms) = preSolution
		Debug|Any CPU = Debug|Any CPU
		Release|Any CPU = Release|Any CPU
	EndGlobalSection
	GlobalSection(ProjectConfigurationPlatforms) = postSolution
		{660C3FCE-7DCC-4F69-948B-4C098F3A9F48}.Debug|Any CPU.ActiveCfg = Debug|Any CPU
		{660C3FCE-7DCC-4F69-948B-4C098F3A9F48}.Debug|Any CPU.Build.0 = Debug|Any CPU
		{660C3FCE-7DCC-4F69-948B-4C098F3A9F48}.Release|Any CPU.ActiveCfg = Release|Any CPU
		{660C3FCE-7DCC-4F69-948B-4C098F3A9F48}.Release|Any CPU.Build.0 = Release|Any CPU
	EndGlobalSection
	GlobalSection(SolutionProperties) = preSolution
		HideSolutionNode = FALSE
	EndGlobalSection
	GlobalSection(NestedProjects) = preSolution
		{660C3FCE-7DCC-4F69-948B-4C098F3A9F48} = {26C5ABD7-D454-4A4D-B3BD-6036B28F45FF}
	EndGlobalSection
EndGlobal
