
Microsoft Visual Studio Solution File, Format Version 12.00
# Visual Studio 14
VisualStudioVersion = 14.0.25420.1
MinimumVisualStudioVersion = 10.0.40219.1
Project("{2150E333-8FDC-42A3-9474-1A3956D46DE8}") = "src", "src", "{26C5ABD7-D454-4A4D-B3BD-6036B28F45FF}"
EndProject
Project("{2150E333-8FDC-42A3-9474-1A3956D46DE8}") = "Solution Items", "Solution Items", "{45E6F8BC-9941-40F3-A192-C7E33B10E91D}"
	ProjectSection(SolutionItems) = preProject
		global.json = global.json
	EndProjectSection
EndProject
Project("{8BB2217D-0F2D-49D1-97BC-3654ED321F3B}") = "ZHS.WebApi", "src\ZHS.WebApi\ZHS.WebApi.xproj", "{BD88F16C-AB7B-4BC5-A8A3-139C73A7D794}"
EndProject
Project("{8BB2217D-0F2D-49D1-97BC-3654ED321F3B}") = "ZHS.NPOCO", "src\ZHS.NPOCO\ZHS.NPOCO.xproj", "{85901C25-EB5C-4AF2-A1E1-9F573A20858A}"
EndProject
Global
	GlobalSection(SolutionConfigurationPlatforms) = preSolution
		Debug|Any CPU = Debug|Any CPU
		Release|Any CPU = Release|Any CPU
	EndGlobalSection
	GlobalSection(ProjectConfigurationPlatforms) = postSolution
		{BD88F16C-AB7B-4BC5-A8A3-139C73A7D794}.Debug|Any CPU.ActiveCfg = Debug|Any CPU
		{BD88F16C-AB7B-4BC5-A8A3-139C73A7D794}.Debug|Any CPU.Build.0 = Debug|Any CPU
		{BD88F16C-AB7B-4BC5-A8A3-139C73A7D794}.Release|Any CPU.ActiveCfg = Release|Any CPU
		{BD88F16C-AB7B-4BC5-A8A3-139C73A7D794}.Release|Any CPU.Build.0 = Release|Any CPU
		{85901C25-EB5C-4AF2-A1E1-9F573A20858A}.Debug|Any CPU.ActiveCfg = Debug|Any CPU
		{85901C25-EB5C-4AF2-A1E1-9F573A20858A}.Debug|Any CPU.Build.0 = Debug|Any CPU
		{85901C25-EB5C-4AF2-A1E1-9F573A20858A}.Release|Any CPU.ActiveCfg = Release|Any CPU
		{85901C25-EB5C-4AF2-A1E1-9F573A20858A}.Release|Any CPU.Build.0 = Release|Any CPU
	EndGlobalSection
	GlobalSection(SolutionProperties) = preSolution
		HideSolutionNode = FALSE
	EndGlobalSection
	GlobalSection(NestedProjects) = preSolution
		{BD88F16C-AB7B-4BC5-A8A3-139C73A7D794} = {26C5ABD7-D454-4A4D-B3BD-6036B28F45FF}
		{85901C25-EB5C-4AF2-A1E1-9F573A20858A} = {26C5ABD7-D454-4A4D-B3BD-6036B28F45FF}
	EndGlobalSection
EndGlobal
